
Microsoft Visual Studio Solution File, Format Version 12.00
# Visual Studio Version 17
VisualStudioVersion = 17.13.35806.99 d17.13
MinimumVisualStudioVersion = 10.0.40219.1
Project("{FAE04EC0-301F-11D3-BF4B-00C04F79EFBC}") = "SaludPlusAdmin", "SaludPlusAdmin\SaludPlusAdmin.csproj", "{CDDF8ECF-7C1D-42B0-AD98-C26BB714C7EF}"
EndProject
Global
	GlobalSection(SolutionConfigurationPlatforms) = preSolution
		Debug|Any CPU = Debug|Any CPU
		Release|Any CPU = Release|Any CPU
	EndGlobalSection
	GlobalSection(ProjectConfigurationPlatforms) = postSolution
		{CDDF8ECF-7C1D-42B0-AD98-C26BB714C7EF}.Debug|Any CPU.ActiveCfg = Debug|Any CPU
		{CDDF8ECF-7C1D-42B0-AD98-C26BB714C7EF}.Debug|Any CPU.Build.0 = Debug|Any CPU
		{CDDF8ECF-7C1D-42B0-AD98-C26BB714C7EF}.Release|Any CPU.ActiveCfg = Release|Any CPU
		{CDDF8ECF-7C1D-42B0-AD98-C26BB714C7EF}.Release|Any CPU.Build.0 = Release|Any CPU
	EndGlobalSection
	GlobalSection(SolutionProperties) = preSolution
		HideSolutionNode = FALSE
	EndGlobalSection
	GlobalSection(ExtensibilityGlobals) = postSolution
		SolutionGuid = {EFF328E4-CD30-4789-B89C-ED5CA4C116C6}
	EndGlobalSection
EndGlobal
